// !$*UTF8*$!
{
	archiveVersion = 1;
	classes = {
	};
	objectVersion = 77;
	objects = {

/* Begin PBXBuildFile section */
		0249C22895B671337F001BC1 /* TweetDetailView.swift in Sources */ = {isa = PBXBuildFile; fileRef = CC1E1D85231A75DBB6462085 /* TweetDetailView.swift */; };
		0E4D8DCC1E8AB82DD794812C /* TimelineParser.swift in Sources */ = {isa = PBXBuildFile; fileRef = 15EA3B41307B024D0838444E /* TimelineParser.swift */; };
		1BDC15A0E1FD1FC12D309C83 /* SafariView.swift in Sources */ = {isa = PBXBuildFile; fileRef = 04944F663C89B569933F4B7B /* SafariView.swift */; };
		20B518AF5B301341AA9EA141 /* TweetCell.swift in Sources */ = {isa = PBXBuildFile; fileRef = 00D6BE4BCD5B43511EB223E0 /* TweetCell.swift */; };
		27F4BAA519AAD6C80E3FEAE2 /* RateLimitTests.swift in Sources */ = {isa = PBXBuildFile; fileRef = 7ABEA522664ACA9990C85A4A /* RateLimitTests.swift */; };
		41CAECCFAA1F6848BEFACF78 /* LiveFetchTests.swift in Sources */ = {isa = PBXBuildFile; fileRef = 709749A35A188F6E8C227315 /* LiveFetchTests.swift */; };
		4A9A2C8B1E9932340EEF41DB /* Tweet.swift in Sources */ = {isa = PBXBuildFile; fileRef = A8DADD0CD2DDE6EC3D8C23C9 /* Tweet.swift */; };
		4AADDA054FA6D55F9E0D50F2 /* TimelineParserTests.swift in Sources */ = {isa = PBXBuildFile; fileRef = 99FB246F647B8B748C091AF8 /* TimelineParserTests.swift */; };
		5235C0166D43C85EC3108D84 /* TimelineCacheTests.swift in Sources */ = {isa = PBXBuildFile; fileRef = 6C16C9EED9A3A0811A648293 /* TimelineCacheTests.swift */; };
		5522D09B32D4379765FA11C1 /* TimelineCache.swift in Sources */ = {isa = PBXBuildFile; fileRef = A9CC8790F043ECEE98889D64 /* TimelineCache.swift */; };
		5A9BAEAB7F05460BBC964B16 /* SavedAccount.swift in Sources */ = {isa = PBXBuildFile; fileRef = 4763FB12B8E6AADF6FF00B58 /* SavedAccount.swift */; };
		63A2BF528FB552E00F02D181 /* XCancelClient.swift in Sources */ = {isa = PBXBuildFile; fileRef = 5D2E9490816E750B38FE3D27 /* XCancelClient.swift */; };
		72F0F9AA2DC6ED669A341B6C /* SettingsView.swift in Sources */ = {isa = PBXBuildFile; fileRef = 2B3CA775DC10FA2394BE77E7 /* SettingsView.swift */; };
		863738840CF23D1BDA95F54A /* AccountFeedView.swift in Sources */ = {isa = PBXBuildFile; fileRef = F68CF3DC1031CE9786D49554 /* AccountFeedView.swift */; };
		98B737F737DADF5C930B7AFE /* timeline.html in Resources */ = {isa = PBXBuildFile; fileRef = 879F6C48CCD994DEB8A4B91E /* timeline.html */; };
		98F2E23ADB60A74FFE96B038 /* APIClient.swift in Sources */ = {isa = PBXBuildFile; fileRef = 6FAF826D958A3B3443887731 /* APIClient.swift */; };
		9F6291AE7AC89EE7C7C7987A /* CSVImporterTests.swift in Sources */ = {isa = PBXBuildFile; fileRef = ADC3531CE4069EE4CE3B7ADE /* CSVImporterTests.swift */; };
		A1A3527647523239736A204C /* FeedView.swift in Sources */ = {isa = PBXBuildFile; fileRef = F0F3D58643AF880D93519FF9 /* FeedView.swift */; };
		A4D0F58E285A95EB36D66111 /* ChallengeBootstrapper.swift in Sources */ = {isa = PBXBuildFile; fileRef = 548E4F5EE043FAA53EDD4590 /* ChallengeBootstrapper.swift */; };
		A5FD6A99BFCC37F21130CA3D /* ThemeManager.swift in Sources */ = {isa = PBXBuildFile; fileRef = CC1691E2792148999F309EFA /* ThemeManager.swift */; };
		B48764D09018FF1A903D433C /* XCancelApp.swift in Sources */ = {isa = PBXBuildFile; fileRef = 627C719DF68291A35A83DA72 /* XCancelApp.swift */; };
		C4D3C849BBBADD63DAF308F0 /* SwiftSoup in Frameworks */ = {isa = PBXBuildFile; productRef = 4B6E944A15A0DA689C6AD179 /* SwiftSoup */; };
		D35563892AA9B5A884FA7B06 /* AccountsView.swift in Sources */ = {isa = PBXBuildFile; fileRef = 035696DCAB976F0AFC0901D8 /* AccountsView.swift */; };
		DAF333B9DCEB502A7C5C56D3 /* TimelineRepository.swift in Sources */ = {isa = PBXBuildFile; fileRef = F69A7E857E515824B0A62137 /* TimelineRepository.swift */; };
		E139282260B05449F7B74D28 /* Assets.xcassets in Resources */ = {isa = PBXBuildFile; fileRef = 2D88CE0159736B540D59F6DB /* Assets.xcassets */; };
		E8363FCD23EF95BAA7A60335 /* FeedViewModel.swift in Sources */ = {isa = PBXBuildFile; fileRef = 5547C2D1CD0D38158DD34484 /* FeedViewModel.swift */; };
		ED253DD22892F5804FAC728E /* RootTabView.swift in Sources */ = {isa = PBXBuildFile; fileRef = 1EFB30360646874C4639D868 /* RootTabView.swift */; };
		F637175685D45CEE251CD5DB /* LinkedText.swift in Sources */ = {isa = PBXBuildFile; fileRef = 8A7C4C644D54257E3E11E250 /* LinkedText.swift */; };
/* End PBXBuildFile section */

/* Begin PBXContainerItemProxy section */
		7BAFD19A236CFE41FBCD6F76 /* PBXContainerItemProxy */ = {
			isa = PBXContainerItemProxy;
			containerPortal = D9F40C5BD169A3D3594992C3 /* Project object */;
			proxyType = 1;
			remoteGlobalIDString = F4609C4DE735465BBA85CA0A;
			remoteInfo = XCancel;
		};
/* End PBXContainerItemProxy section */

/* Begin PBXFileReference section */
		00D6BE4BCD5B43511EB223E0 /* TweetCell.swift */ = {isa = PBXFileReference; lastKnownFileType = sourcecode.swift; path = TweetCell.swift; sourceTree = "<group>"; };
		035696DCAB976F0AFC0901D8 /* AccountsView.swift */ = {isa = PBXFileReference; lastKnownFileType = sourcecode.swift; path = AccountsView.swift; sourceTree = "<group>"; };
		04944F663C89B569933F4B7B /* SafariView.swift */ = {isa = PBXFileReference; lastKnownFileType = sourcecode.swift; path = SafariView.swift; sourceTree = "<group>"; };
		15EA3B41307B024D0838444E /* TimelineParser.swift */ = {isa = PBXFileReference; lastKnownFileType = sourcecode.swift; path = TimelineParser.swift; sourceTree = "<group>"; };
		1EFB30360646874C4639D868 /* RootTabView.swift */ = {isa = PBXFileReference; lastKnownFileType = sourcecode.swift; path = RootTabView.swift; sourceTree = "<group>"; };
		2B3CA775DC10FA2394BE77E7 /* SettingsView.swift */ = {isa = PBXFileReference; lastKnownFileType = sourcecode.swift; path = SettingsView.swift; sourceTree = "<group>"; };
		2D88CE0159736B540D59F6DB /* Assets.xcassets */ = {isa = PBXFileReference; lastKnownFileType = folder.assetcatalog; path = Assets.xcassets; sourceTree = "<group>"; };
		4763FB12B8E6AADF6FF00B58 /* SavedAccount.swift */ = {isa = PBXFileReference; lastKnownFileType = sourcecode.swift; path = SavedAccount.swift; sourceTree = "<group>"; };
		548E4F5EE043FAA53EDD4590 /* ChallengeBootstrapper.swift */ = {isa = PBXFileReference; lastKnownFileType = sourcecode.swift; path = ChallengeBootstrapper.swift; sourceTree = "<group>"; };
		5547C2D1CD0D38158DD34484 /* FeedViewModel.swift */ = {isa = PBXFileReference; lastKnownFileType = sourcecode.swift; path = FeedViewModel.swift; sourceTree = "<group>"; };
		5D2E9490816E750B38FE3D27 /* XCancelClient.swift */ = {isa = PBXFileReference; lastKnownFileType = sourcecode.swift; path = XCancelClient.swift; sourceTree = "<group>"; };
		627C719DF68291A35A83DA72 /* XCancelApp.swift */ = {isa = PBXFileReference; lastKnownFileType = sourcecode.swift; path = XCancelApp.swift; sourceTree = "<group>"; };
		6C16C9EED9A3A0811A648293 /* TimelineCacheTests.swift */ = {isa = PBXFileReference; lastKnownFileType = sourcecode.swift; path = TimelineCacheTests.swift; sourceTree = "<group>"; };
		6FAF826D958A3B3443887731 /* APIClient.swift */ = {isa = PBXFileReference; lastKnownFileType = sourcecode.swift; path = APIClient.swift; sourceTree = "<group>"; };
		709749A35A188F6E8C227315 /* LiveFetchTests.swift */ = {isa = PBXFileReference; lastKnownFileType = sourcecode.swift; path = LiveFetchTests.swift; sourceTree = "<group>"; };
		7ABEA522664ACA9990C85A4A /* RateLimitTests.swift */ = {isa = PBXFileReference; lastKnownFileType = sourcecode.swift; path = RateLimitTests.swift; sourceTree = "<group>"; };
		81E372A9FC5A6FF59B3FDF34 /* XCancel.app */ = {isa = PBXFileReference; includeInIndex = 0; lastKnownFileType = wrapper.application; path = XCancel.app; sourceTree = BUILT_PRODUCTS_DIR; };
		879F6C48CCD994DEB8A4B91E /* timeline.html */ = {isa = PBXFileReference; lastKnownFileType = text.html; path = timeline.html; sourceTree = "<group>"; };
		8A7C4C644D54257E3E11E250 /* LinkedText.swift */ = {isa = PBXFileReference; lastKnownFileType = sourcecode.swift; path = LinkedText.swift; sourceTree = "<group>"; };
		99FB246F647B8B748C091AF8 /* TimelineParserTests.swift */ = {isa = PBXFileReference; lastKnownFileType = sourcecode.swift; path = TimelineParserTests.swift; sourceTree = "<group>"; };
		A8DADD0CD2DDE6EC3D8C23C9 /* Tweet.swift */ = {isa = PBXFileReference; lastKnownFileType = sourcecode.swift; path = Tweet.swift; sourceTree = "<group>"; };
		A9CC8790F043ECEE98889D64 /* TimelineCache.swift */ = {isa = PBXFileReference; lastKnownFileType = sourcecode.swift; path = TimelineCache.swift; sourceTree = "<group>"; };
		A9FF440D573DD09F5D8EEE23 /* XCancelTests.xctest */ = {isa = PBXFileReference; includeInIndex = 0; lastKnownFileType = wrapper.cfbundle; path = XCancelTests.xctest; sourceTree = BUILT_PRODUCTS_DIR; };
		ADC3531CE4069EE4CE3B7ADE /* CSVImporterTests.swift */ = {isa = PBXFileReference; lastKnownFileType = sourcecode.swift; path = CSVImporterTests.swift; sourceTree = "<group>"; };
		CC1691E2792148999F309EFA /* ThemeManager.swift */ = {isa = PBXFileReference; lastKnownFileType = sourcecode.swift; path = ThemeManager.swift; sourceTree = "<group>"; };
		CC1E1D85231A75DBB6462085 /* TweetDetailView.swift */ = {isa = PBXFileReference; lastKnownFileType = sourcecode.swift; path = TweetDetailView.swift; sourceTree = "<group>"; };
		D72185386C655B7653952A9A /* Info.plist */ = {isa = PBXFileReference; lastKnownFileType = text.plist; path = Info.plist; sourceTree = "<group>"; };
		F0F3D58643AF880D93519FF9 /* FeedView.swift */ = {isa = PBXFileReference; lastKnownFileType = sourcecode.swift; path = FeedView.swift; sourceTree = "<group>"; };
		F68CF3DC1031CE9786D49554 /* AccountFeedView.swift */ = {isa = PBXFileReference; lastKnownFileType = sourcecode.swift; path = AccountFeedView.swift; sourceTree = "<group>"; };
		F69A7E857E515824B0A62137 /* TimelineRepository.swift */ = {isa = PBXFileReference; lastKnownFileType = sourcecode.swift; path = TimelineRepository.swift; sourceTree = "<group>"; };
/* End PBXFileReference section */

/* Begin PBXFrameworksBuildPhase section */
		D15BD982C834D2795CB24CD8 /* Frameworks */ = {
			isa = PBXFrameworksBuildPhase;
			buildActionMask = 2147483647;
			files = (
				C4D3C849BBBADD63DAF308F0 /* SwiftSoup in Frameworks */,
			);
			runOnlyForDeploymentPostprocessing = 0;
		};
/* End PBXFrameworksBuildPhase section */

/* Begin PBXGroup section */
		350098820330EE15ECBD3B7F /* Products */ = {
			isa = PBXGroup;
			children = (
				81E372A9FC5A6FF59B3FDF34 /* XCancel.app */,
				A9FF440D573DD09F5D8EEE23 /* XCancelTests.xctest */,
			);
			name = Products;
			sourceTree = "<group>";
		};
		39411B4627ABBA3288691240 /* Views */ = {
			isa = PBXGroup;
			children = (
				F68CF3DC1031CE9786D49554 /* AccountFeedView.swift */,
				035696DCAB976F0AFC0901D8 /* AccountsView.swift */,
				F0F3D58643AF880D93519FF9 /* FeedView.swift */,
				8A7C4C644D54257E3E11E250 /* LinkedText.swift */,
				1EFB30360646874C4639D868 /* RootTabView.swift */,
				04944F663C89B569933F4B7B /* SafariView.swift */,
				2B3CA775DC10FA2394BE77E7 /* SettingsView.swift */,
				00D6BE4BCD5B43511EB223E0 /* TweetCell.swift */,
				CC1E1D85231A75DBB6462085 /* TweetDetailView.swift */,
			);
			path = Views;
			sourceTree = "<group>";
		};
		68DCCA5F5CAA2B7183DBCBAF /* XCancel */ = {
			isa = PBXGroup;
			children = (
				D72185386C655B7653952A9A /* Info.plist */,
				CC1691E2792148999F309EFA /* ThemeManager.swift */,
				627C719DF68291A35A83DA72 /* XCancelApp.swift */,
				9314641226B6E512628218CA /* Models */,
				7334741036BCAF005EBBC94E /* Networking */,
				E2C93D4EB9C122B62C1A3D02 /* Resources */,
				EAF40E651FD4EBD530997CDC /* ViewModels */,
				39411B4627ABBA3288691240 /* Views */,
			);
			path = XCancel;
			sourceTree = "<group>";
		};
		7334741036BCAF005EBBC94E /* Networking */ = {
			isa = PBXGroup;
			children = (
				6FAF826D958A3B3443887731 /* APIClient.swift */,
				548E4F5EE043FAA53EDD4590 /* ChallengeBootstrapper.swift */,
				A9CC8790F043ECEE98889D64 /* TimelineCache.swift */,
				15EA3B41307B024D0838444E /* TimelineParser.swift */,
				F69A7E857E515824B0A62137 /* TimelineRepository.swift */,
				5D2E9490816E750B38FE3D27 /* XCancelClient.swift */,
			);
			path = Networking;
			sourceTree = "<group>";
		};
		89531DD318275CB2040096F2 /* Fixtures */ = {
			isa = PBXGroup;
			children = (
				879F6C48CCD994DEB8A4B91E /* timeline.html */,
			);
			path = Fixtures;
			sourceTree = "<group>";
		};
		9314641226B6E512628218CA /* Models */ = {
			isa = PBXGroup;
			children = (
				4763FB12B8E6AADF6FF00B58 /* SavedAccount.swift */,
				A8DADD0CD2DDE6EC3D8C23C9 /* Tweet.swift */,
			);
			path = Models;
			sourceTree = "<group>";
		};
		938C47E94D659DF6B182D2D7 /* XCancelTests */ = {
			isa = PBXGroup;
			children = (
				ADC3531CE4069EE4CE3B7ADE /* CSVImporterTests.swift */,
				709749A35A188F6E8C227315 /* LiveFetchTests.swift */,
				7ABEA522664ACA9990C85A4A /* RateLimitTests.swift */,
				6C16C9EED9A3A0811A648293 /* TimelineCacheTests.swift */,
				99FB246F647B8B748C091AF8 /* TimelineParserTests.swift */,
				89531DD318275CB2040096F2 /* Fixtures */,
			);
			path = XCancelTests;
			sourceTree = "<group>";
		};
		E2C93D4EB9C122B62C1A3D02 /* Resources */ = {
			isa = PBXGroup;
			children = (
				2D88CE0159736B540D59F6DB /* Assets.xcassets */,
			);
			path = Resources;
			sourceTree = "<group>";
		};
		E9E348D27966D33923AE0F1B = {
			isa = PBXGroup;
			children = (
				68DCCA5F5CAA2B7183DBCBAF /* XCancel */,
				938C47E94D659DF6B182D2D7 /* XCancelTests */,
				350098820330EE15ECBD3B7F /* Products */,
			);
			sourceTree = "<group>";
		};
		EAF40E651FD4EBD530997CDC /* ViewModels */ = {
			isa = PBXGroup;
			children = (
				5547C2D1CD0D38158DD34484 /* FeedViewModel.swift */,
			);
			path = ViewModels;
			sourceTree = "<group>";
		};
/* End PBXGroup section */

/* Begin PBXNativeTarget section */
		2C7CAD51A59329EF8A1B9E82 /* XCancelTests */ = {
			isa = PBXNativeTarget;
			buildConfigurationList = 50D551C581852B799F6222BB /* Build configuration list for PBXNativeTarget "XCancelTests" */;
			buildPhases = (
				A6BFD39A2D0BB273E5F82957 /* Sources */,
				E2721775F738D928DA3FAF11 /* Resources */,
			);
			buildRules = (
			);
			dependencies = (
				A4EB041CE706F74514065EC3 /* PBXTargetDependency */,
			);
			name = XCancelTests;
			packageProductDependencies = (
			);
			productName = XCancelTests;
			productReference = A9FF440D573DD09F5D8EEE23 /* XCancelTests.xctest */;
			productType = "com.apple.product-type.bundle.unit-test";
		};
		F4609C4DE735465BBA85CA0A /* XCancel */ = {
			isa = PBXNativeTarget;
			buildConfigurationList = 44E455A0769D90C6D59C3515 /* Build configuration list for PBXNativeTarget "XCancel" */;
			buildPhases = (
				D458B4E5C29F5416B64D8C0B /* Sources */,
				53BDAA7EA574D751C27BAAE0 /* Resources */,
				D15BD982C834D2795CB24CD8 /* Frameworks */,
			);
			buildRules = (
			);
			dependencies = (
			);
			name = XCancel;
			packageProductDependencies = (
				4B6E944A15A0DA689C6AD179 /* SwiftSoup */,
			);
			productName = XCancel;
			productReference = 81E372A9FC5A6FF59B3FDF34 /* XCancel.app */;
			productType = "com.apple.product-type.application";
		};
/* End PBXNativeTarget section */

/* Begin PBXProject section */
		D9F40C5BD169A3D3594992C3 /* Project object */ = {
			isa = PBXProject;
			attributes = {
				BuildIndependentTargetsInParallel = YES;
				LastUpgradeCheck = 1430;
				TargetAttributes = {
				};
			};
			buildConfigurationList = E9DF4C44409281D87922A870 /* Build configuration list for PBXProject "XCancel" */;
			developmentRegion = en;
			hasScannedForEncodings = 0;
			knownRegions = (
				Base,
				en,
			);
			mainGroup = E9E348D27966D33923AE0F1B;
			minimizedProjectReferenceProxies = 1;
			packageReferences = (
				D9F5001A922015CF7DF48477 /* XCRemoteSwiftPackageReference "SwiftSoup" */,
			);
			preferredProjectObjectVersion = 77;
			productRefGroup = 350098820330EE15ECBD3B7F /* Products */;
			projectDirPath = "";
			projectRoot = "";
			targets = (
				F4609C4DE735465BBA85CA0A /* XCancel */,
				2C7CAD51A59329EF8A1B9E82 /* XCancelTests */,
			);
		};
/* End PBXProject section */

/* Begin PBXResourcesBuildPhase section */
		53BDAA7EA574D751C27BAAE0 /* Resources */ = {
			isa = PBXResourcesBuildPhase;
			buildActionMask = 2147483647;
			files = (
				E139282260B05449F7B74D28 /* Assets.xcassets in Resources */,
			);
			runOnlyForDeploymentPostprocessing = 0;
		};
		E2721775F738D928DA3FAF11 /* Resources */ = {
			isa = PBXResourcesBuildPhase;
			buildActionMask = 2147483647;
			files = (
				98B737F737DADF5C930B7AFE /* timeline.html in Resources */,
			);
			runOnlyForDeploymentPostprocessing = 0;
		};
/* End PBXResourcesBuildPhase section */

/* Begin PBXSourcesBuildPhase section */
		A6BFD39A2D0BB273E5F82957 /* Sources */ = {
			isa = PBXSourcesBuildPhase;
			buildActionMask = 2147483647;
			files = (
				9F6291AE7AC89EE7C7C7987A /* CSVImporterTests.swift in Sources */,
				41CAECCFAA1F6848BEFACF78 /* LiveFetchTests.swift in Sources */,
				27F4BAA519AAD6C80E3FEAE2 /* RateLimitTests.swift in Sources */,
				5235C0166D43C85EC3108D84 /* TimelineCacheTests.swift in Sources */,
				4AADDA054FA6D55F9E0D50F2 /* TimelineParserTests.swift in Sources */,
			);
			runOnlyForDeploymentPostprocessing = 0;
		};
		D458B4E5C29F5416B64D8C0B /* Sources */ = {
			isa = PBXSourcesBuildPhase;
			buildActionMask = 2147483647;
			files = (
				98F2E23ADB60A74FFE96B038 /* APIClient.swift in Sources */,
				863738840CF23D1BDA95F54A /* AccountFeedView.swift in Sources */,
				D35563892AA9B5A884FA7B06 /* AccountsView.swift in Sources */,
				A4D0F58E285A95EB36D66111 /* ChallengeBootstrapper.swift in Sources */,
				A1A3527647523239736A204C /* FeedView.swift in Sources */,
				E8363FCD23EF95BAA7A60335 /* FeedViewModel.swift in Sources */,
				F637175685D45CEE251CD5DB /* LinkedText.swift in Sources */,
				ED253DD22892F5804FAC728E /* RootTabView.swift in Sources */,
				1BDC15A0E1FD1FC12D309C83 /* SafariView.swift in Sources */,
				5A9BAEAB7F05460BBC964B16 /* SavedAccount.swift in Sources */,
				72F0F9AA2DC6ED669A341B6C /* SettingsView.swift in Sources */,
				A5FD6A99BFCC37F21130CA3D /* ThemeManager.swift in Sources */,
				5522D09B32D4379765FA11C1 /* TimelineCache.swift in Sources */,
				0E4D8DCC1E8AB82DD794812C /* TimelineParser.swift in Sources */,
				DAF333B9DCEB502A7C5C56D3 /* TimelineRepository.swift in Sources */,
				4A9A2C8B1E9932340EEF41DB /* Tweet.swift in Sources */,
				20B518AF5B301341AA9EA141 /* TweetCell.swift in Sources */,
				0249C22895B671337F001BC1 /* TweetDetailView.swift in Sources */,
				B48764D09018FF1A903D433C /* XCancelApp.swift in Sources */,
				63A2BF528FB552E00F02D181 /* XCancelClient.swift in Sources */,
			);
			runOnlyForDeploymentPostprocessing = 0;
		};
/* End PBXSourcesBuildPhase section */

/* Begin PBXTargetDependency section */
		A4EB041CE706F74514065EC3 /* PBXTargetDependency */ = {
			isa = PBXTargetDependency;
			target = F4609C4DE735465BBA85CA0A /* XCancel */;
			targetProxy = 7BAFD19A236CFE41FBCD6F76 /* PBXContainerItemProxy */;
		};
/* End PBXTargetDependency section */

/* Begin XCBuildConfiguration section */
		2FF7C10587F36EAA0C492B6A /* Release */ = {
			isa = XCBuildConfiguration;
			buildSettings = {
				ASSETCATALOG_COMPILER_APPICON_NAME = AppIcon;
				CODE_SIGN_IDENTITY = "iPhone Developer";
				INFOPLIST_FILE = XCancel/Info.plist;
				LD_RUNPATH_SEARCH_PATHS = (
					"$(inherited)",
					"@executable_path/Frameworks",
				);
				PRODUCT_BUNDLE_IDENTIFIER = local.xcancel.XCancel;
				SDKROOT = iphoneos;
				SWIFT_VERSION = 5.0;
				TARGETED_DEVICE_FAMILY = "1,2";
			};
			name = Release;
		};
		A59F191322EDAC6BC368A672 /* Debug */ = {
			isa = XCBuildConfiguration;
			buildSettings = {
				ALWAYS_SEARCH_USER_PATHS = NO;
				CLANG_ANALYZER_NONNULL = YES;
				CLANG_ANALYZER_NUMBER_OBJECT_CONVERSION = YES_AGGRESSIVE;
				CLANG_CXX_LANGUAGE_STANDARD = "gnu++14";
				CLANG_CXX_LIBRARY = "libc++";
				CLANG_ENABLE_MODULES = YES;
				CLANG_ENABLE_OBJC_ARC = YES;
				CLANG_ENABLE_OBJC_WEAK = YES;
				CLANG_WARN_BLOCK_CAPTURE_AUTORELEASING = YES;
				CLANG_WARN_BOOL_CONVERSION = YES;
				CLANG_WARN_COMMA = YES;
				CLANG_WARN_CONSTANT_CONVERSION = YES;
				CLANG_WARN_DEPRECATED_OBJC_IMPLEMENTATIONS = YES;
				CLANG_WARN_DIRECT_OBJC_ISA_USAGE = YES_ERROR;
				CLANG_WARN_DOCUMENTATION_COMMENTS = YES;
				CLANG_WARN_EMPTY_BODY = YES;
				CLANG_WARN_ENUM_CONVERSION = YES;
				CLANG_WARN_INFINITE_RECURSION = YES;
				CLANG_WARN_INT_CONVERSION = YES;
				CLANG_WARN_NON_LITERAL_NULL_CONVERSION = YES;
				CLANG_WARN_OBJC_IMPLICIT_RETAIN_SELF = YES;
				CLANG_WARN_OBJC_LITERAL_CONVERSION = YES;
				CLANG_WARN_OBJC_ROOT_CLASS = YES_ERROR;
				CLANG_WARN_QUOTED_INCLUDE_IN_FRAMEWORK_HEADER = YES;
				CLANG_WARN_RANGE_LOOP_ANALYSIS = YES;
				CLANG_WARN_STRICT_PROTOTYPES = YES;
				CLANG_WARN_SUSPICIOUS_MOVE = YES;
				CLANG_WARN_UNGUARDED_AVAILABILITY = YES_AGGRESSIVE;
				CLANG_WARN_UNREACHABLE_CODE = YES;
				CLANG_WARN__DUPLICATE_METHOD_MATCH = YES;
				COPY_PHASE_STRIP = NO;
				DEBUG_INFORMATION_FORMAT = dwarf;
				ENABLE_STRICT_OBJC_MSGSEND = YES;
				ENABLE_TESTABILITY = YES;
				GCC_C_LANGUAGE_STANDARD = gnu11;
				GCC_DYNAMIC_NO_PIC = NO;
				GCC_NO_COMMON_BLOCKS = YES;
				GCC_OPTIMIZATION_LEVEL = 0;
				GCC_PREPROCESSOR_DEFINITIONS = (
					"$(inherited)",
					"DEBUG=1",
				);
				GCC_WARN_64_TO_32_BIT_CONVERSION = YES;
				GCC_WARN_ABOUT_RETURN_TYPE = YES_ERROR;
				GCC_WARN_UNDECLARED_SELECTOR = YES;
				GCC_WARN_UNINITIALIZED_AUTOS = YES_AGGRESSIVE;
				GCC_WARN_UNUSED_FUNCTION = YES;
				GCC_WARN_UNUSED_VARIABLE = YES;
				IPHONEOS_DEPLOYMENT_TARGET = 17.0;
				MTL_ENABLE_DEBUG_INFO = INCLUDE_SOURCE;
				MTL_FAST_MATH = YES;
				ONLY_ACTIVE_ARCH = YES;
				PRODUCT_NAME = "$(TARGET_NAME)";
				SDKROOT = iphoneos;
				SWIFT_ACTIVE_COMPILATION_CONDITIONS = DEBUG;
				SWIFT_OPTIMIZATION_LEVEL = "-Onone";
				SWIFT_VERSION = 5.0;
			};
			name = Debug;
		};
		BE2DA8CB8A911D991D74A039 /* Debug */ = {
			isa = XCBuildConfiguration;
			buildSettings = {
				ASSETCATALOG_COMPILER_APPICON_NAME = AppIcon;
				CODE_SIGN_IDENTITY = "iPhone Developer";
				INFOPLIST_FILE = XCancel/Info.plist;
				LD_RUNPATH_SEARCH_PATHS = (
					"$(inherited)",
					"@executable_path/Frameworks",
				);
				PRODUCT_BUNDLE_IDENTIFIER = local.xcancel.XCancel;
				SDKROOT = iphoneos;
				SWIFT_VERSION = 5.0;
				TARGETED_DEVICE_FAMILY = "1,2";
			};
			name = Debug;
		};
		D5F81297FD656557B79A24C4 /* Release */ = {
			isa = XCBuildConfiguration;
			buildSettings = {
				ALWAYS_SEARCH_USER_PATHS = NO;
				CLANG_ANALYZER_NONNULL = YES;
				CLANG_ANALYZER_NUMBER_OBJECT_CONVERSION = YES_AGGRESSIVE;
				CLANG_CXX_LANGUAGE_STANDARD = "gnu++14";
				CLANG_CXX_LIBRARY = "libc++";
				CLANG_ENABLE_MODULES = YES;
				CLANG_ENABLE_OBJC_ARC = YES;
				CLANG_ENABLE_OBJC_WEAK = YES;
				CLANG_WARN_BLOCK_CAPTURE_AUTORELEASING = YES;
				CLANG_WARN_BOOL_CONVERSION = YES;
				CLANG_WARN_COMMA = YES;
				CLANG_WARN_CONSTANT_CONVERSION = YES;
				CLANG_WARN_DEPRECATED_OBJC_IMPLEMENTATIONS = YES;
				CLANG_WARN_DIRECT_OBJC_ISA_USAGE = YES_ERROR;
				CLANG_WARN_DOCUMENTATION_COMMENTS = YES;
				CLANG_WARN_EMPTY_BODY = YES;
				CLANG_WARN_ENUM_CONVERSION = YES;
				CLANG_WARN_INFINITE_RECURSION = YES;
				CLANG_WARN_INT_CONVERSION = YES;
				CLANG_WARN_NON_LITERAL_NULL_CONVERSION = YES;
				CLANG_WARN_OBJC_IMPLICIT_RETAIN_SELF = YES;
				CLANG_WARN_OBJC_LITERAL_CONVERSION = YES;
				CLANG_WARN_OBJC_ROOT_CLASS = YES_ERROR;
				CLANG_WARN_QUOTED_INCLUDE_IN_FRAMEWORK_HEADER = YES;
				CLANG_WARN_RANGE_LOOP_ANALYSIS = YES;
				CLANG_WARN_STRICT_PROTOTYPES = YES;
				CLANG_WARN_SUSPICIOUS_MOVE = YES;
				CLANG_WARN_UNGUARDED_AVAILABILITY = YES_AGGRESSIVE;
				CLANG_WARN_UNREACHABLE_CODE = YES;
				CLANG_WARN__DUPLICATE_METHOD_MATCH = YES;
				COPY_PHASE_STRIP = NO;
				DEBUG_INFORMATION_FORMAT = "dwarf-with-dsym";
				ENABLE_NS_ASSERTIONS = NO;
				ENABLE_STRICT_OBJC_MSGSEND = YES;
				GCC_C_LANGUAGE_STANDARD = gnu11;
				GCC_NO_COMMON_BLOCKS = YES;
				GCC_WARN_64_TO_32_BIT_CONVERSION = YES;
				GCC_WARN_ABOUT_RETURN_TYPE = YES_ERROR;
				GCC_WARN_UNDECLARED_SELECTOR = YES;
				GCC_WARN_UNINITIALIZED_AUTOS = YES_AGGRESSIVE;
				GCC_WARN_UNUSED_FUNCTION = YES;
				GCC_WARN_UNUSED_VARIABLE = YES;
				IPHONEOS_DEPLOYMENT_TARGET = 17.0;
				MTL_ENABLE_DEBUG_INFO = NO;
				MTL_FAST_MATH = YES;
				PRODUCT_NAME = "$(TARGET_NAME)";
				SDKROOT = iphoneos;
				SWIFT_COMPILATION_MODE = wholemodule;
				SWIFT_OPTIMIZATION_LEVEL = "-O";
				SWIFT_VERSION = 5.0;
			};
			name = Release;
		};
		E09F93992F510B345C422BBA /* Debug */ = {
			isa = XCBuildConfiguration;
			buildSettings = {
				BUNDLE_LOADER = "$(TEST_HOST)";
				GENERATE_INFOPLIST_FILE = YES;
				LD_RUNPATH_SEARCH_PATHS = (
					"$(inherited)",
					"@executable_path/Frameworks",
					"@loader_path/Frameworks",
				);
				PRODUCT_BUNDLE_IDENTIFIER = local.xcancel.XCancelTests;
				SDKROOT = iphoneos;
				SWIFT_VERSION = 5.0;
				TARGETED_DEVICE_FAMILY = "1,2";
				TEST_HOST = "$(BUILT_PRODUCTS_DIR)/XCancel.app/XCancel";
			};
			name = Debug;
		};
		E670C5745C9BE1632CD6280C /* Release */ = {
			isa = XCBuildConfiguration;
			buildSettings = {
				BUNDLE_LOADER = "$(TEST_HOST)";
				GENERATE_INFOPLIST_FILE = YES;
				LD_RUNPATH_SEARCH_PATHS = (
					"$(inherited)",
					"@executable_path/Frameworks",
					"@loader_path/Frameworks",
				);
				PRODUCT_BUNDLE_IDENTIFIER = local.xcancel.XCancelTests;
				SDKROOT = iphoneos;
				SWIFT_VERSION = 5.0;
				TARGETED_DEVICE_FAMILY = "1,2";
				TEST_HOST = "$(BUILT_PRODUCTS_DIR)/XCancel.app/XCancel";
			};
			name = Release;
		};
/* End XCBuildConfiguration section */

/* Begin XCConfigurationList section */
		44E455A0769D90C6D59C3515 /* Build configuration list for PBXNativeTarget "XCancel" */ = {
			isa = XCConfigurationList;
			buildConfigurations = (
				BE2DA8CB8A911D991D74A039 /* Debug */,
				2FF7C10587F36EAA0C492B6A /* Release */,
			);
			defaultConfigurationIsVisible = 0;
			defaultConfigurationName = Debug;
		};
		50D551C581852B799F6222BB /* Build configuration list for PBXNativeTarget "XCancelTests" */ = {
			isa = XCConfigurationList;
			buildConfigurations = (
				E09F93992F510B345C422BBA /* Debug */,
				E670C5745C9BE1632CD6280C /* Release */,
			);
			defaultConfigurationIsVisible = 0;
			defaultConfigurationName = Debug;
		};
		E9DF4C44409281D87922A870 /* Build configuration list for PBXProject "XCancel" */ = {
			isa = XCConfigurationList;
			buildConfigurations = (
				A59F191322EDAC6BC368A672 /* Debug */,
				D5F81297FD656557B79A24C4 /* Release */,
			);
			defaultConfigurationIsVisible = 0;
			defaultConfigurationName = Debug;
		};
/* End XCConfigurationList section */

/* Begin XCRemoteSwiftPackageReference section */
		D9F5001A922015CF7DF48477 /* XCRemoteSwiftPackageReference "SwiftSoup" */ = {
			isa = XCRemoteSwiftPackageReference;
			repositoryURL = "https://github.com/scinfu/SwiftSoup";
			requirement = {
				kind = upToNextMajorVersion;
				minimumVersion = 2.7.0;
			};
		};
/* End XCRemoteSwiftPackageReference section */

/* Begin XCSwiftPackageProductDependency section */
		4B6E944A15A0DA689C6AD179 /* SwiftSoup */ = {
			isa = XCSwiftPackageProductDependency;
			package = D9F5001A922015CF7DF48477 /* XCRemoteSwiftPackageReference "SwiftSoup" */;
			productName = SwiftSoup;
		};
/* End XCSwiftPackageProductDependency section */
	};
	rootObject = D9F40C5BD169A3D3594992C3 /* Project object */;
}
